// !$*UTF8*$!
{
	archiveVersion = 1;
	classes = {
	};
	objectVersion = 46;
	objects = {

/* Begin PBXBuildFile section */
		A0BB8D85AFD64CCC87AC5CCD /* libPods.a in Frameworks */ = {isa = PBXBuildFile; fileRef = D72F10921C964563A92E83E5 /* libPods.a */; };
		C928812218A0D9D8006A4ACB /* Foundation.framework in Frameworks */ = {isa = PBXBuildFile; fileRef = C928812118A0D9D8006A4ACB /* Foundation.framework */; };
		C928812418A0D9D8006A4ACB /* CoreGraphics.framework in Frameworks */ = {isa = PBXBuildFile; fileRef = C928812318A0D9D8006A4ACB /* CoreGraphics.framework */; };
		C928812618A0D9D8006A4ACB /* UIKit.framework in Frameworks */ = {isa = PBXBuildFile; fileRef = C928812518A0D9D8006A4ACB /* UIKit.framework */; };
		C928812C18A0D9D8006A4ACB /* InfoPlist.strings in Resources */ = {isa = PBXBuildFile; fileRef = C928812A18A0D9D8006A4ACB /* InfoPlist.strings */; };
		C928812E18A0D9D8006A4ACB /* main.m in Sources */ = {isa = PBXBuildFile; fileRef = C928812D18A0D9D8006A4ACB /* main.m */; };
		C928813218A0D9D9006A4ACB /* CYGAppDelegate.m in Sources */ = {isa = PBXBuildFile; fileRef = C928813118A0D9D9006A4ACB /* CYGAppDelegate.m */; };
		C928813418A0D9D9006A4ACB /* Images.xcassets in Resources */ = {isa = PBXBuildFile; fileRef = C928813318A0D9D9006A4ACB /* Images.xcassets */; };
		C928813B18A0D9D9006A4ACB /* XCTest.framework in Frameworks */ = {isa = PBXBuildFile; fileRef = C928813A18A0D9D9006A4ACB /* XCTest.framework */; };
		C928813C18A0D9D9006A4ACB /* Foundation.framework in Frameworks */ = {isa = PBXBuildFile; fileRef = C928812118A0D9D8006A4ACB /* Foundation.framework */; };
		C928813D18A0D9D9006A4ACB /* UIKit.framework in Frameworks */ = {isa = PBXBuildFile; fileRef = C928812518A0D9D8006A4ACB /* UIKit.framework */; };
		C928814518A0D9D9006A4ACB /* InfoPlist.strings in Resources */ = {isa = PBXBuildFile; fileRef = C928814318A0D9D9006A4ACB /* InfoPlist.strings */; };
		C928814718A0D9D9006A4ACB /* CygnusTests.m in Sources */ = {isa = PBXBuildFile; fileRef = C928814618A0D9D9006A4ACB /* CygnusTests.m */; };
		C978311918A0E382008879B7 /* CoreLocation.framework in Frameworks */ = {isa = PBXBuildFile; fileRef = C978311818A0E382008879B7 /* CoreLocation.framework */; };
		C978311D18A0E392008879B7 /* Security.framework in Frameworks */ = {isa = PBXBuildFile; fileRef = C978311C18A0E392008879B7 /* Security.framework */; };
		C978311F18A0E397008879B7 /* MobileCoreServices.framework in Frameworks */ = {isa = PBXBuildFile; fileRef = C978311E18A0E397008879B7 /* MobileCoreServices.framework */; };
		C978312118A0E39C008879B7 /* SystemConfiguration.framework in Frameworks */ = {isa = PBXBuildFile; fileRef = C978312018A0E39C008879B7 /* SystemConfiguration.framework */; };
		C978312318A0E3A1008879B7 /* MapKit.framework in Frameworks */ = {isa = PBXBuildFile; fileRef = C978312218A0E3A1008879B7 /* MapKit.framework */; };
		C978710D18A881FC00B25145 /* CYGMainViewController.m in Sources */ = {isa = PBXBuildFile; fileRef = C978710C18A881FC00B25145 /* CYGMainViewController.m */; };
		C978710E18A881FC00B25145 /* CYGMainViewController.m in Sources */ = {isa = PBXBuildFile; fileRef = C978710C18A881FC00B25145 /* CYGMainViewController.m */; };
		C978711218A8A60700B25145 /* CYGUser.m in Sources */ = {isa = PBXBuildFile; fileRef = C978711118A8A60700B25145 /* CYGUser.m */; };
		C978711318A8A60700B25145 /* CYGUser.m in Sources */ = {isa = PBXBuildFile; fileRef = C978711118A8A60700B25145 /* CYGUser.m */; };
		C978711618A8A78E00B25145 /* CYGPoint.m in Sources */ = {isa = PBXBuildFile; fileRef = C978711518A8A78E00B25145 /* CYGPoint.m */; };
		C978711718A8A78E00B25145 /* CYGPoint.m in Sources */ = {isa = PBXBuildFile; fileRef = C978711518A8A78E00B25145 /* CYGPoint.m */; };
		C997D85A18B2A6DB00E47C20 /* CYGListViewController.m in Sources */ = {isa = PBXBuildFile; fileRef = C997D85918B2A6DB00E47C20 /* CYGListViewController.m */; };
		C997D85B18B2A6DB00E47C20 /* CYGListViewController.m in Sources */ = {isa = PBXBuildFile; fileRef = C997D85918B2A6DB00E47C20 /* CYGListViewController.m */; };
		C997D86218B2A6F000E47C20 /* CYGPointCreationViewController.m in Sources */ = {isa = PBXBuildFile; fileRef = C997D86118B2A6F000E47C20 /* CYGPointCreationViewController.m */; };
		C997D86318B2A6F000E47C20 /* CYGPointCreationViewController.m in Sources */ = {isa = PBXBuildFile; fileRef = C997D86118B2A6F000E47C20 /* CYGPointCreationViewController.m */; };
		C997D86618B2A82000E47C20 /* CYGTagsViewController.m in Sources */ = {isa = PBXBuildFile; fileRef = C997D86518B2A82000E47C20 /* CYGTagsViewController.m */; };
		C997D86718B2A82000E47C20 /* CYGTagsViewController.m in Sources */ = {isa = PBXBuildFile; fileRef = C997D86518B2A82000E47C20 /* CYGTagsViewController.m */; };
		C997D86A18B2EB1300E47C20 /* CYGTagsView.m in Sources */ = {isa = PBXBuildFile; fileRef = C997D86918B2EB1300E47C20 /* CYGTagsView.m */; };
		C997D86B18B2EB1300E47C20 /* CYGTagsView.m in Sources */ = {isa = PBXBuildFile; fileRef = C997D86918B2EB1300E47C20 /* CYGTagsView.m */; };
		C997D86E18B2EB1D00E47C20 /* CYGListView.m in Sources */ = {isa = PBXBuildFile; fileRef = C997D86D18B2EB1D00E47C20 /* CYGListView.m */; };
		C997D86F18B2EB1D00E47C20 /* CYGListView.m in Sources */ = {isa = PBXBuildFile; fileRef = C997D86D18B2EB1D00E47C20 /* CYGListView.m */; };
		C99A7EDA18B5DEDD00843D7B /* CYGPointTableViewCell.m in Sources */ = {isa = PBXBuildFile; fileRef = C99A7ED918B5DEDD00843D7B /* CYGPointTableViewCell.m */; };
		C99A7EDB18B5DEDD00843D7B /* CYGPointTableViewCell.m in Sources */ = {isa = PBXBuildFile; fileRef = C99A7ED918B5DEDD00843D7B /* CYGPointTableViewCell.m */; };
		C9A01C7A18AF6EBD005324CE /* CYGMapView.m in Sources */ = {isa = PBXBuildFile; fileRef = C9A01C7918AF6EBD005324CE /* CYGMapView.m */; };
		C9A01C7B18AF6EBD005324CE /* CYGMapView.m in Sources */ = {isa = PBXBuildFile; fileRef = C9A01C7918AF6EBD005324CE /* CYGMapView.m */; };
		C9A01C7E18AF7684005324CE /* CYGToolbar.m in Sources */ = {isa = PBXBuildFile; fileRef = C9A01C7D18AF7684005324CE /* CYGToolbar.m */; };
		C9A01C7F18AF7684005324CE /* CYGToolbar.m in Sources */ = {isa = PBXBuildFile; fileRef = C9A01C7D18AF7684005324CE /* CYGToolbar.m */; };
		C9C52D5418ADA0CD0089B3B1 /* CYGPointCreationView.m in Sources */ = {isa = PBXBuildFile; fileRef = C9C52D5318ADA0CD0089B3B1 /* CYGPointCreationView.m */; };
		C9C52D5518ADA0CD0089B3B1 /* CYGPointCreationView.m in Sources */ = {isa = PBXBuildFile; fileRef = C9C52D5318ADA0CD0089B3B1 /* CYGPointCreationView.m */; };
		C9C52D5818ADE3560089B3B1 /* UIColor+CYGAdditions.m in Sources */ = {isa = PBXBuildFile; fileRef = C9C52D5718ADE3560089B3B1 /* UIColor+CYGAdditions.m */; };
		C9C52D5918ADE3560089B3B1 /* UIColor+CYGAdditions.m in Sources */ = {isa = PBXBuildFile; fileRef = C9C52D5718ADE3560089B3B1 /* UIColor+CYGAdditions.m */; };
		C9C52D5E18ADF2630089B3B1 /* NSString+CYGAdditions.m in Sources */ = {isa = PBXBuildFile; fileRef = C9C52D5D18ADF2630089B3B1 /* NSString+CYGAdditions.m */; };
		C9C52D5F18ADF2630089B3B1 /* NSString+CYGAdditions.m in Sources */ = {isa = PBXBuildFile; fileRef = C9C52D5D18ADF2630089B3B1 /* NSString+CYGAdditions.m */; };
		C9CC592A18ABF5F8006FA0DD /* CYGManager.m in Sources */ = {isa = PBXBuildFile; fileRef = C9CC592918ABF5F8006FA0DD /* CYGManager.m */; };
		C9CC592B18ABF5F8006FA0DD /* CYGManager.m in Sources */ = {isa = PBXBuildFile; fileRef = C9CC592918ABF5F8006FA0DD /* CYGManager.m */; };
		C9CC593218AC4A16006FA0DD /* CYGPointAnnotation.m in Sources */ = {isa = PBXBuildFile; fileRef = C9CC593118AC4A16006FA0DD /* CYGPointAnnotation.m */; };
		C9CC593318AC4A16006FA0DD /* CYGPointAnnotation.m in Sources */ = {isa = PBXBuildFile; fileRef = C9CC593118AC4A16006FA0DD /* CYGPointAnnotation.m */; };
		C9CE0E2618BFC72300CCF3FE /* CYGTag.m in Sources */ = {isa = PBXBuildFile; fileRef = C9CE0E2518BFC72300CCF3FE /* CYGTag.m */; };
		C9CE0E2718BFC72300CCF3FE /* CYGTag.m in Sources */ = {isa = PBXBuildFile; fileRef = C9CE0E2518BFC72300CCF3FE /* CYGTag.m */; };
		C9CE0E2A18C06D0100CCF3FE /* CYGTokenInputField.m in Sources */ = {isa = PBXBuildFile; fileRef = C9CE0E2918C06D0100CCF3FE /* CYGTokenInputField.m */; };
		C9CE0E2B18C06D0100CCF3FE /* CYGTokenInputField.m in Sources */ = {isa = PBXBuildFile; fileRef = C9CE0E2918C06D0100CCF3FE /* CYGTokenInputField.m */; };
		C9D3A53518A0E5CB00FD8193 /* CYGDefines.m in Sources */ = {isa = PBXBuildFile; fileRef = C9D3A53418A0E5CB00FD8193 /* CYGDefines.m */; };
		C9D3A53618A0E5CB00FD8193 /* CYGDefines.m in Sources */ = {isa = PBXBuildFile; fileRef = C9D3A53418A0E5CB00FD8193 /* CYGDefines.m */; };
		C9F4A0D118A0F0A100231649 /* QuartzCore.framework in Frameworks */ = {isa = PBXBuildFile; fileRef = C978311A18A0E38D008879B7 /* QuartzCore.framework */; };
/* End PBXBuildFile section */

/* Begin PBXContainerItemProxy section */
		C928813E18A0D9D9006A4ACB /* PBXContainerItemProxy */ = {
			isa = PBXContainerItemProxy;
			containerPortal = C928811618A0D9D8006A4ACB /* Project object */;
			proxyType = 1;
			remoteGlobalIDString = C928811D18A0D9D8006A4ACB;
			remoteInfo = Cygnus;
		};
/* End PBXContainerItemProxy section */

/* Begin PBXFileReference section */
		C5CD8164C6014A1CBC72AA11 /* Pods.xcconfig */ = {isa = PBXFileReference; includeInIndex = 1; lastKnownFileType = text.xcconfig; name = Pods.xcconfig; path = Pods/Pods.xcconfig; sourceTree = "<group>"; };
		C928811E18A0D9D8006A4ACB /* Cygnus.app */ = {isa = PBXFileReference; explicitFileType = wrapper.application; includeInIndex = 0; path = Cygnus.app; sourceTree = BUILT_PRODUCTS_DIR; };
		C928812118A0D9D8006A4ACB /* Foundation.framework */ = {isa = PBXFileReference; lastKnownFileType = wrapper.framework; name = Foundation.framework; path = System/Library/Frameworks/Foundation.framework; sourceTree = SDKROOT; };
		C928812318A0D9D8006A4ACB /* CoreGraphics.framework */ = {isa = PBXFileReference; lastKnownFileType = wrapper.framework; name = CoreGraphics.framework; path = System/Library/Frameworks/CoreGraphics.framework; sourceTree = SDKROOT; };
		C928812518A0D9D8006A4ACB /* UIKit.framework */ = {isa = PBXFileReference; lastKnownFileType = wrapper.framework; name = UIKit.framework; path = System/Library/Frameworks/UIKit.framework; sourceTree = SDKROOT; };
		C928812918A0D9D8006A4ACB /* Cygnus-Info.plist */ = {isa = PBXFileReference; lastKnownFileType = text.plist.xml; path = "Cygnus-Info.plist"; sourceTree = "<group>"; };
		C928812B18A0D9D8006A4ACB /* en */ = {isa = PBXFileReference; lastKnownFileType = text.plist.strings; name = en; path = en.lproj/InfoPlist.strings; sourceTree = "<group>"; };
		C928812D18A0D9D8006A4ACB /* main.m */ = {isa = PBXFileReference; lastKnownFileType = sourcecode.c.objc; path = main.m; sourceTree = "<group>"; };
		C928812F18A0D9D9006A4ACB /* Cygnus-Prefix.pch */ = {isa = PBXFileReference; lastKnownFileType = sourcecode.c.h; path = "Cygnus-Prefix.pch"; sourceTree = "<group>"; };
		C928813018A0D9D9006A4ACB /* CYGAppDelegate.h */ = {isa = PBXFileReference; lastKnownFileType = sourcecode.c.h; path = CYGAppDelegate.h; sourceTree = "<group>"; };
		C928813118A0D9D9006A4ACB /* CYGAppDelegate.m */ = {isa = PBXFileReference; lastKnownFileType = sourcecode.c.objc; path = CYGAppDelegate.m; sourceTree = "<group>"; };
		C928813318A0D9D9006A4ACB /* Images.xcassets */ = {isa = PBXFileReference; lastKnownFileType = folder.assetcatalog; path = Images.xcassets; sourceTree = "<group>"; };
		C928813918A0D9D9006A4ACB /* CygnusTests.xctest */ = {isa = PBXFileReference; explicitFileType = wrapper.cfbundle; includeInIndex = 0; path = CygnusTests.xctest; sourceTree = BUILT_PRODUCTS_DIR; };
		C928813A18A0D9D9006A4ACB /* XCTest.framework */ = {isa = PBXFileReference; lastKnownFileType = wrapper.framework; name = XCTest.framework; path = Library/Frameworks/XCTest.framework; sourceTree = DEVELOPER_DIR; };
		C928814218A0D9D9006A4ACB /* CygnusTests-Info.plist */ = {isa = PBXFileReference; lastKnownFileType = text.plist.xml; path = "CygnusTests-Info.plist"; sourceTree = "<group>"; };
		C928814418A0D9D9006A4ACB /* en */ = {isa = PBXFileReference; lastKnownFileType = text.plist.strings; name = en; path = en.lproj/InfoPlist.strings; sourceTree = "<group>"; };
		C928814618A0D9D9006A4ACB /* CygnusTests.m */ = {isa = PBXFileReference; lastKnownFileType = sourcecode.c.objc; path = CygnusTests.m; sourceTree = "<group>"; };
		C978311818A0E382008879B7 /* CoreLocation.framework */ = {isa = PBXFileReference; lastKnownFileType = wrapper.framework; name = CoreLocation.framework; path = System/Library/Frameworks/CoreLocation.framework; sourceTree = SDKROOT; };
		C978311A18A0E38D008879B7 /* QuartzCore.framework */ = {isa = PBXFileReference; lastKnownFileType = wrapper.framework; name = QuartzCore.framework; path = System/Library/Frameworks/QuartzCore.framework; sourceTree = SDKROOT; };
		C978311C18A0E392008879B7 /* Security.framework */ = {isa = PBXFileReference; lastKnownFileType = wrapper.framework; name = Security.framework; path = System/Library/Frameworks/Security.framework; sourceTree = SDKROOT; };
		C978311E18A0E397008879B7 /* MobileCoreServices.framework */ = {isa = PBXFileReference; lastKnownFileType = wrapper.framework; name = MobileCoreServices.framework; path = System/Library/Frameworks/MobileCoreServices.framework; sourceTree = SDKROOT; };
		C978312018A0E39C008879B7 /* SystemConfiguration.framework */ = {isa = PBXFileReference; lastKnownFileType = wrapper.framework; name = SystemConfiguration.framework; path = System/Library/Frameworks/SystemConfiguration.framework; sourceTree = SDKROOT; };
		C978312218A0E3A1008879B7 /* MapKit.framework */ = {isa = PBXFileReference; lastKnownFileType = wrapper.framework; name = MapKit.framework; path = System/Library/Frameworks/MapKit.framework; sourceTree = SDKROOT; };
		C978710B18A881FC00B25145 /* CYGMainViewController.h */ = {isa = PBXFileReference; fileEncoding = 4; lastKnownFileType = sourcecode.c.h; path = CYGMainViewController.h; sourceTree = "<group>"; };
		C978710C18A881FC00B25145 /* CYGMainViewController.m */ = {isa = PBXFileReference; fileEncoding = 4; lastKnownFileType = sourcecode.c.objc; path = CYGMainViewController.m; sourceTree = "<group>"; };
		C978711018A8A60700B25145 /* CYGUser.h */ = {isa = PBXFileReference; fileEncoding = 4; lastKnownFileType = sourcecode.c.h; path = CYGUser.h; sourceTree = "<group>"; };
		C978711118A8A60700B25145 /* CYGUser.m */ = {isa = PBXFileReference; fileEncoding = 4; lastKnownFileType = sourcecode.c.objc; path = CYGUser.m; sourceTree = "<group>"; };
		C978711418A8A78E00B25145 /* CYGPoint.h */ = {isa = PBXFileReference; fileEncoding = 4; lastKnownFileType = sourcecode.c.h; path = CYGPoint.h; sourceTree = "<group>"; };
		C978711518A8A78E00B25145 /* CYGPoint.m */ = {isa = PBXFileReference; fileEncoding = 4; lastKnownFileType = sourcecode.c.objc; path = CYGPoint.m; sourceTree = "<group>"; };
		C997D85818B2A6DB00E47C20 /* CYGListViewController.h */ = {isa = PBXFileReference; fileEncoding = 4; lastKnownFileType = sourcecode.c.h; path = CYGListViewController.h; sourceTree = "<group>"; };
		C997D85918B2A6DB00E47C20 /* CYGListViewController.m */ = {isa = PBXFileReference; fileEncoding = 4; lastKnownFileType = sourcecode.c.objc; path = CYGListViewController.m; sourceTree = "<group>"; };
		C997D86018B2A6F000E47C20 /* CYGPointCreationViewController.h */ = {isa = PBXFileReference; fileEncoding = 4; lastKnownFileType = sourcecode.c.h; path = CYGPointCreationViewController.h; sourceTree = "<group>"; };
		C997D86118B2A6F000E47C20 /* CYGPointCreationViewController.m */ = {isa = PBXFileReference; fileEncoding = 4; lastKnownFileType = sourcecode.c.objc; path = CYGPointCreationViewController.m; sourceTree = "<group>"; };
		C997D86418B2A82000E47C20 /* CYGTagsViewController.h */ = {isa = PBXFileReference; fileEncoding = 4; lastKnownFileType = sourcecode.c.h; path = CYGTagsViewController.h; sourceTree = "<group>"; };
		C997D86518B2A82000E47C20 /* CYGTagsViewController.m */ = {isa = PBXFileReference; fileEncoding = 4; lastKnownFileType = sourcecode.c.objc; path = CYGTagsViewController.m; sourceTree = "<group>"; };
		C997D86818B2EB1300E47C20 /* CYGTagsView.h */ = {isa = PBXFileReference; fileEncoding = 4; lastKnownFileType = sourcecode.c.h; path = CYGTagsView.h; sourceTree = "<group>"; };
		C997D86918B2EB1300E47C20 /* CYGTagsView.m */ = {isa = PBXFileReference; fileEncoding = 4; lastKnownFileType = sourcecode.c.objc; path = CYGTagsView.m; sourceTree = "<group>"; };
		C997D86C18B2EB1D00E47C20 /* CYGListView.h */ = {isa = PBXFileReference; fileEncoding = 4; lastKnownFileType = sourcecode.c.h; path = CYGListView.h; sourceTree = "<group>"; };
		C997D86D18B2EB1D00E47C20 /* CYGListView.m */ = {isa = PBXFileReference; fileEncoding = 4; lastKnownFileType = sourcecode.c.objc; path = CYGListView.m; sourceTree = "<group>"; };
		C99A7ED818B5DEDD00843D7B /* CYGPointTableViewCell.h */ = {isa = PBXFileReference; fileEncoding = 4; lastKnownFileType = sourcecode.c.h; path = CYGPointTableViewCell.h; sourceTree = "<group>"; };
		C99A7ED918B5DEDD00843D7B /* CYGPointTableViewCell.m */ = {isa = PBXFileReference; fileEncoding = 4; lastKnownFileType = sourcecode.c.objc; path = CYGPointTableViewCell.m; sourceTree = "<group>"; };
		C9A01C7818AF6EBD005324CE /* CYGMapView.h */ = {isa = PBXFileReference; fileEncoding = 4; lastKnownFileType = sourcecode.c.h; path = CYGMapView.h; sourceTree = "<group>"; };
		C9A01C7918AF6EBD005324CE /* CYGMapView.m */ = {isa = PBXFileReference; fileEncoding = 4; lastKnownFileType = sourcecode.c.objc; path = CYGMapView.m; sourceTree = "<group>"; };
		C9A01C7C18AF7684005324CE /* CYGToolbar.h */ = {isa = PBXFileReference; fileEncoding = 4; lastKnownFileType = sourcecode.c.h; path = CYGToolbar.h; sourceTree = "<group>"; };
		C9A01C7D18AF7684005324CE /* CYGToolbar.m */ = {isa = PBXFileReference; fileEncoding = 4; lastKnownFileType = sourcecode.c.objc; path = CYGToolbar.m; sourceTree = "<group>"; };
		C9C52D5218ADA0CD0089B3B1 /* CYGPointCreationView.h */ = {isa = PBXFileReference; fileEncoding = 4; lastKnownFileType = sourcecode.c.h; path = CYGPointCreationView.h; sourceTree = "<group>"; };
		C9C52D5318ADA0CD0089B3B1 /* CYGPointCreationView.m */ = {isa = PBXFileReference; fileEncoding = 4; lastKnownFileType = sourcecode.c.objc; path = CYGPointCreationView.m; sourceTree = "<group>"; };
		C9C52D5618ADE3560089B3B1 /* UIColor+CYGAdditions.h */ = {isa = PBXFileReference; fileEncoding = 4; lastKnownFileType = sourcecode.c.h; path = "UIColor+CYGAdditions.h"; sourceTree = "<group>"; };
		C9C52D5718ADE3560089B3B1 /* UIColor+CYGAdditions.m */ = {isa = PBXFileReference; fileEncoding = 4; lastKnownFileType = sourcecode.c.objc; path = "UIColor+CYGAdditions.m"; sourceTree = "<group>"; };
		C9C52D5B18ADE39F0089B3B1 /* CYGAdditions.h */ = {isa = PBXFileReference; fileEncoding = 4; lastKnownFileType = sourcecode.c.h; path = CYGAdditions.h; sourceTree = "<group>"; };
		C9C52D5C18ADF2630089B3B1 /* NSString+CYGAdditions.h */ = {isa = PBXFileReference; fileEncoding = 4; lastKnownFileType = sourcecode.c.h; path = "NSString+CYGAdditions.h"; sourceTree = "<group>"; };
		C9C52D5D18ADF2630089B3B1 /* NSString+CYGAdditions.m */ = {isa = PBXFileReference; fileEncoding = 4; lastKnownFileType = sourcecode.c.objc; path = "NSString+CYGAdditions.m"; sourceTree = "<group>"; };
		C9CC592818ABF5F8006FA0DD /* CYGManager.h */ = {isa = PBXFileReference; fileEncoding = 4; lastKnownFileType = sourcecode.c.h; path = CYGManager.h; sourceTree = "<group>"; };
		C9CC592918ABF5F8006FA0DD /* CYGManager.m */ = {isa = PBXFileReference; fileEncoding = 4; lastKnownFileType = sourcecode.c.objc; path = CYGManager.m; sourceTree = "<group>"; };
		C9CC593018AC4A16006FA0DD /* CYGPointAnnotation.h */ = {isa = PBXFileReference; fileEncoding = 4; lastKnownFileType = sourcecode.c.h; path = CYGPointAnnotation.h; sourceTree = "<group>"; };
		C9CC593118AC4A16006FA0DD /* CYGPointAnnotation.m */ = {isa = PBXFileReference; fileEncoding = 4; lastKnownFileType = sourcecode.c.objc; path = CYGPointAnnotation.m; sourceTree = "<group>"; };
		C9CE0E2418BFC72300CCF3FE /* CYGTag.h */ = {isa = PBXFileReference; fileEncoding = 4; lastKnownFileType = sourcecode.c.h; path = CYGTag.h; sourceTree = "<group>"; };
		C9CE0E2518BFC72300CCF3FE /* CYGTag.m */ = {isa = PBXFileReference; fileEncoding = 4; lastKnownFileType = sourcecode.c.objc; path = CYGTag.m; sourceTree = "<group>"; };
		C9CE0E2818C06D0100CCF3FE /* CYGTokenInputField.h */ = {isa = PBXFileReference; fileEncoding = 4; lastKnownFileType = sourcecode.c.h; path = CYGTokenInputField.h; sourceTree = "<group>"; };
		C9CE0E2918C06D0100CCF3FE /* CYGTokenInputField.m */ = {isa = PBXFileReference; fileEncoding = 4; lastKnownFileType = sourcecode.c.objc; path = CYGTokenInputField.m; sourceTree = "<group>"; };
		C9D3A53318A0E5CB00FD8193 /* CYGDefines.h */ = {isa = PBXFileReference; fileEncoding = 4; lastKnownFileType = sourcecode.c.h; path = CYGDefines.h; sourceTree = "<group>"; };
		C9D3A53418A0E5CB00FD8193 /* CYGDefines.m */ = {isa = PBXFileReference; fileEncoding = 4; lastKnownFileType = sourcecode.c.objc; path = CYGDefines.m; sourceTree = "<group>"; };
		D72F10921C964563A92E83E5 /* libPods.a */ = {isa = PBXFileReference; explicitFileType = archive.ar; includeInIndex = 0; path = libPods.a; sourceTree = BUILT_PRODUCTS_DIR; };
/* End PBXFileReference section */

/* Begin PBXFrameworksBuildPhase section */
		C928811B18A0D9D8006A4ACB /* Frameworks */ = {
			isa = PBXFrameworksBuildPhase;
			buildActionMask = 2147483647;
			files = (
				C9F4A0D118A0F0A100231649 /* QuartzCore.framework in Frameworks */,
				C928812418A0D9D8006A4ACB /* CoreGraphics.framework in Frameworks */,
				C978312318A0E3A1008879B7 /* MapKit.framework in Frameworks */,
				C978312118A0E39C008879B7 /* SystemConfiguration.framework in Frameworks */,
				C978311F18A0E397008879B7 /* MobileCoreServices.framework in Frameworks */,
				C978311D18A0E392008879B7 /* Security.framework in Frameworks */,
				C978311918A0E382008879B7 /* CoreLocation.framework in Frameworks */,
				C928812618A0D9D8006A4ACB /* UIKit.framework in Frameworks */,
				C928812218A0D9D8006A4ACB /* Foundation.framework in Frameworks */,
				A0BB8D85AFD64CCC87AC5CCD /* libPods.a in Frameworks */,
			);
			runOnlyForDeploymentPostprocessing = 0;
		};
		C928813618A0D9D9006A4ACB /* Frameworks */ = {
			isa = PBXFrameworksBuildPhase;
			buildActionMask = 2147483647;
			files = (
				C928813B18A0D9D9006A4ACB /* XCTest.framework in Frameworks */,
				C928813D18A0D9D9006A4ACB /* UIKit.framework in Frameworks */,
				C928813C18A0D9D9006A4ACB /* Foundation.framework in Frameworks */,
			);
			runOnlyForDeploymentPostprocessing = 0;
		};
/* End PBXFrameworksBuildPhase section */

/* Begin PBXGroup section */
		C916A29918A0E85000FB480F /* Application */ = {
			isa = PBXGroup;
			children = (
				C928813018A0D9D9006A4ACB /* CYGAppDelegate.h */,
				C928813118A0D9D9006A4ACB /* CYGAppDelegate.m */,
				C9CC592818ABF5F8006FA0DD /* CYGManager.h */,
				C9CC592918ABF5F8006FA0DD /* CYGManager.m */,
			);
			name = Application;
			sourceTree = "<group>";
		};
		C916A29A18A0E86C00FB480F /* Resources */ = {
			isa = PBXGroup;
			children = (
				C928813318A0D9D9006A4ACB /* Images.xcassets */,
			);
			name = Resources;
			sourceTree = "<group>";
		};
		C916A29B18A0E87600FB480F /* View Controllers */ = {
			isa = PBXGroup;
			children = (
				C978710B18A881FC00B25145 /* CYGMainViewController.h */,
				C978710C18A881FC00B25145 /* CYGMainViewController.m */,
				C997D85818B2A6DB00E47C20 /* CYGListViewController.h */,
				C997D85918B2A6DB00E47C20 /* CYGListViewController.m */,
				C997D86418B2A82000E47C20 /* CYGTagsViewController.h */,
				C997D86518B2A82000E47C20 /* CYGTagsViewController.m */,
				C997D86018B2A6F000E47C20 /* CYGPointCreationViewController.h */,
				C997D86118B2A6F000E47C20 /* CYGPointCreationViewController.m */,
			);
			name = "View Controllers";
			sourceTree = "<group>";
		};
		C916A29C18A0E89300FB480F /* Views */ = {
			isa = PBXGroup;
			children = (
				C9A01C7818AF6EBD005324CE /* CYGMapView.h */,
				C9A01C7918AF6EBD005324CE /* CYGMapView.m */,
				C9A01C7C18AF7684005324CE /* CYGToolbar.h */,
				C9A01C7D18AF7684005324CE /* CYGToolbar.m */,
				C997D86C18B2EB1D00E47C20 /* CYGListView.h */,
				C997D86D18B2EB1D00E47C20 /* CYGListView.m */,
				C997D86818B2EB1300E47C20 /* CYGTagsView.h */,
				C997D86918B2EB1300E47C20 /* CYGTagsView.m */,
				C9C52D5218ADA0CD0089B3B1 /* CYGPointCreationView.h */,
				C9C52D5318ADA0CD0089B3B1 /* CYGPointCreationView.m */,
				C99A7ED818B5DEDD00843D7B /* CYGPointTableViewCell.h */,
				C99A7ED918B5DEDD00843D7B /* CYGPointTableViewCell.m */,
				C9CE0E2818C06D0100CCF3FE /* CYGTokenInputField.h */,
				C9CE0E2918C06D0100CCF3FE /* CYGTokenInputField.m */,
			);
			name = Views;
			sourceTree = "<group>";
		};
		C928811518A0D9D8006A4ACB = {
			isa = PBXGroup;
			children = (
				C928812718A0D9D8006A4ACB /* Cygnus */,
				C928814018A0D9D9006A4ACB /* CygnusTests */,
				C928812018A0D9D8006A4ACB /* Frameworks */,
				C928811F18A0D9D8006A4ACB /* Products */,
				C5CD8164C6014A1CBC72AA11 /* Pods.xcconfig */,
			);
			sourceTree = "<group>";
		};
		C928811F18A0D9D8006A4ACB /* Products */ = {
			isa = PBXGroup;
			children = (
				C928811E18A0D9D8006A4ACB /* Cygnus.app */,
				C928813918A0D9D9006A4ACB /* CygnusTests.xctest */,
			);
			name = Products;
			sourceTree = "<group>";
		};
		C928812018A0D9D8006A4ACB /* Frameworks */ = {
			isa = PBXGroup;
			children = (
				C978312218A0E3A1008879B7 /* MapKit.framework */,
				C978312018A0E39C008879B7 /* SystemConfiguration.framework */,
				C978311E18A0E397008879B7 /* MobileCoreServices.framework */,
				C978311C18A0E392008879B7 /* Security.framework */,
				C978311A18A0E38D008879B7 /* QuartzCore.framework */,
				C978311818A0E382008879B7 /* CoreLocation.framework */,
				C928812118A0D9D8006A4ACB /* Foundation.framework */,
				C928812318A0D9D8006A4ACB /* CoreGraphics.framework */,
				C928812518A0D9D8006A4ACB /* UIKit.framework */,
				C928813A18A0D9D9006A4ACB /* XCTest.framework */,
				D72F10921C964563A92E83E5 /* libPods.a */,
			);
			name = Frameworks;
			sourceTree = "<group>";
		};
		C928812718A0D9D8006A4ACB /* Cygnus */ = {
			isa = PBXGroup;
			children = (
				C916A29918A0E85000FB480F /* Application */,
				C916A29B18A0E87600FB480F /* View Controllers */,
				C916A29C18A0E89300FB480F /* Views */,
				C978710F18A8A5F600B25145 /* Models */,
				C916A29A18A0E86C00FB480F /* Resources */,
				C928812818A0D9D8006A4ACB /* Supporting Files */,
				C9C52D5A18ADE35A0089B3B1 /* Categories */,
			);
			path = Cygnus;
			sourceTree = "<group>";
		};
		C928812818A0D9D8006A4ACB /* Supporting Files */ = {
			isa = PBXGroup;
			children = (
				C928812918A0D9D8006A4ACB /* Cygnus-Info.plist */,
				C928812A18A0D9D8006A4ACB /* InfoPlist.strings */,
				C928812D18A0D9D8006A4ACB /* main.m */,
				C928812F18A0D9D9006A4ACB /* Cygnus-Prefix.pch */,
				C9D3A53318A0E5CB00FD8193 /* CYGDefines.h */,
				C9D3A53418A0E5CB00FD8193 /* CYGDefines.m */,
			);
			name = "Supporting Files";
			sourceTree = "<group>";
		};
		C928814018A0D9D9006A4ACB /* CygnusTests */ = {
			isa = PBXGroup;
			children = (
				C928814618A0D9D9006A4ACB /* CygnusTests.m */,
				C928814118A0D9D9006A4ACB /* Supporting Files */,
			);
			path = CygnusTests;
			sourceTree = "<group>";
		};
		C928814118A0D9D9006A4ACB /* Supporting Files */ = {
			isa = PBXGroup;
			children = (
				C928814218A0D9D9006A4ACB /* CygnusTests-Info.plist */,
				C928814318A0D9D9006A4ACB /* InfoPlist.strings */,
			);
			name = "Supporting Files";
			sourceTree = "<group>";
		};
		C978710F18A8A5F600B25145 /* Models */ = {
			isa = PBXGroup;
			children = (
				C978711018A8A60700B25145 /* CYGUser.h */,
				C978711118A8A60700B25145 /* CYGUser.m */,
				C978711418A8A78E00B25145 /* CYGPoint.h */,
				C978711518A8A78E00B25145 /* CYGPoint.m */,
				C9CC593018AC4A16006FA0DD /* CYGPointAnnotation.h */,
				C9CC593118AC4A16006FA0DD /* CYGPointAnnotation.m */,
				C9CE0E2418BFC72300CCF3FE /* CYGTag.h */,
				C9CE0E2518BFC72300CCF3FE /* CYGTag.m */,
			);
			name = Models;
			sourceTree = "<group>";
		};
		C9C52D5A18ADE35A0089B3B1 /* Categories */ = {
			isa = PBXGroup;
			children = (
				C9C52D5B18ADE39F0089B3B1 /* CYGAdditions.h */,
				C9C52D5618ADE3560089B3B1 /* UIColor+CYGAdditions.h */,
				C9C52D5718ADE3560089B3B1 /* UIColor+CYGAdditions.m */,
				C9C52D5C18ADF2630089B3B1 /* NSString+CYGAdditions.h */,
				C9C52D5D18ADF2630089B3B1 /* NSString+CYGAdditions.m */,
			);
			name = Categories;
			sourceTree = "<group>";
		};
/* End PBXGroup section */

/* Begin PBXNativeTarget section */
		C928811D18A0D9D8006A4ACB /* Cygnus */ = {
			isa = PBXNativeTarget;
			buildConfigurationList = C928814A18A0D9D9006A4ACB /* Build configuration list for PBXNativeTarget "Cygnus" */;
			buildPhases = (
				350696B0F76E4DCEA537DE49 /* Check Pods Manifest.lock */,
				C928811A18A0D9D8006A4ACB /* Sources */,
				C928811B18A0D9D8006A4ACB /* Frameworks */,
				C928811C18A0D9D8006A4ACB /* Resources */,
				E42FBE20BC1D4B56B966147E /* Copy Pods Resources */,
			);
			buildRules = (
			);
			dependencies = (
			);
			name = Cygnus;
			productName = Cygnus;
			productReference = C928811E18A0D9D8006A4ACB /* Cygnus.app */;
			productType = "com.apple.product-type.application";
		};
		C928813818A0D9D9006A4ACB /* CygnusTests */ = {
			isa = PBXNativeTarget;
			buildConfigurationList = C928814D18A0D9D9006A4ACB /* Build configuration list for PBXNativeTarget "CygnusTests" */;
			buildPhases = (
				C928813518A0D9D9006A4ACB /* Sources */,
				C928813618A0D9D9006A4ACB /* Frameworks */,
				C928813718A0D9D9006A4ACB /* Resources */,
			);
			buildRules = (
			);
			dependencies = (
				C928813F18A0D9D9006A4ACB /* PBXTargetDependency */,
			);
			name = CygnusTests;
			productName = CygnusTests;
			productReference = C928813918A0D9D9006A4ACB /* CygnusTests.xctest */;
			productType = "com.apple.product-type.bundle.unit-test";
		};
/* End PBXNativeTarget section */

/* Begin PBXProject section */
		C928811618A0D9D8006A4ACB /* Project object */ = {
			isa = PBXProject;
			attributes = {
				CLASSPREFIX = CYG;
				LastUpgradeCheck = 0500;
				ORGANIZATIONNAME = Fototropik;
				TargetAttributes = {
					C928813818A0D9D9006A4ACB = {
						TestTargetID = C928811D18A0D9D8006A4ACB;
					};
				};
			};
			buildConfigurationList = C928811918A0D9D8006A4ACB /* Build configuration list for PBXProject "Cygnus" */;
			compatibilityVersion = "Xcode 3.2";
			developmentRegion = English;
			hasScannedForEncodings = 0;
			knownRegions = (
				en,
			);
			mainGroup = C928811518A0D9D8006A4ACB;
			productRefGroup = C928811F18A0D9D8006A4ACB /* Products */;
			projectDirPath = "";
			projectRoot = "";
			targets = (
				C928811D18A0D9D8006A4ACB /* Cygnus */,
				C928813818A0D9D9006A4ACB /* CygnusTests */,
			);
		};
/* End PBXProject section */

/* Begin PBXResourcesBuildPhase section */
		C928811C18A0D9D8006A4ACB /* Resources */ = {
			isa = PBXResourcesBuildPhase;
			buildActionMask = 2147483647;
			files = (
				C928812C18A0D9D8006A4ACB /* InfoPlist.strings in Resources */,
				C928813418A0D9D9006A4ACB /* Images.xcassets in Resources */,
			);
			runOnlyForDeploymentPostprocessing = 0;
		};
		C928813718A0D9D9006A4ACB /* Resources */ = {
			isa = PBXResourcesBuildPhase;
			buildActionMask = 2147483647;
			files = (
				C928814518A0D9D9006A4ACB /* InfoPlist.strings in Resources */,
			);
			runOnlyForDeploymentPostprocessing = 0;
		};
/* End PBXResourcesBuildPhase section */

/* Begin PBXShellScriptBuildPhase section */
		350696B0F76E4DCEA537DE49 /* Check Pods Manifest.lock */ = {
			isa = PBXShellScriptBuildPhase;
			buildActionMask = 2147483647;
			files = (
			);
			inputPaths = (
			);
			name = "Check Pods Manifest.lock";
			outputPaths = (
			);
			runOnlyForDeploymentPostprocessing = 0;
			shellPath = /bin/sh;
			shellScript = "diff \"${PODS_ROOT}/../Podfile.lock\" \"${PODS_ROOT}/Manifest.lock\" > /dev/null\nif [[ $? != 0 ]] ; then\n    cat << EOM\nerror: The sandbox is not in sync with the Podfile.lock. Run 'pod install' or update your CocoaPods installation.\nEOM\n    exit 1\nfi\n";
			showEnvVarsInLog = 0;
		};
		E42FBE20BC1D4B56B966147E /* Copy Pods Resources */ = {
			isa = PBXShellScriptBuildPhase;
			buildActionMask = 2147483647;
			files = (
			);
			inputPaths = (
			);
			name = "Copy Pods Resources";
			outputPaths = (
			);
			runOnlyForDeploymentPostprocessing = 0;
			shellPath = /bin/sh;
			shellScript = "\"${SRCROOT}/Pods/Pods-resources.sh\"\n";
			showEnvVarsInLog = 0;
		};
/* End PBXShellScriptBuildPhase section */

/* Begin PBXSourcesBuildPhase section */
		C928811A18A0D9D8006A4ACB /* Sources */ = {
			isa = PBXSourcesBuildPhase;
			buildActionMask = 2147483647;
			files = (
				C997D86A18B2EB1300E47C20 /* CYGTagsView.m in Sources */,
				C9CC593218AC4A16006FA0DD /* CYGPointAnnotation.m in Sources */,
				C9CE0E2618BFC72300CCF3FE /* CYGTag.m in Sources */,
				C9CE0E2A18C06D0100CCF3FE /* CYGTokenInputField.m in Sources */,
				C9A01C7A18AF6EBD005324CE /* CYGMapView.m in Sources */,
				C997D85A18B2A6DB00E47C20 /* CYGListViewController.m in Sources */,
				C997D86618B2A82000E47C20 /* CYGTagsViewController.m in Sources */,
				C928813218A0D9D9006A4ACB /* CYGAppDelegate.m in Sources */,
				C978711218A8A60700B25145 /* CYGUser.m in Sources */,
				C978711618A8A78E00B25145 /* CYGPoint.m in Sources */,
				C978710D18A881FC00B25145 /* CYGMainViewController.m in Sources */,
				C9C52D5418ADA0CD0089B3B1 /* CYGPointCreationView.m in Sources */,
				C997D86218B2A6F000E47C20 /* CYGPointCreationViewController.m in Sources */,
				C9C52D5E18ADF2630089B3B1 /* NSString+CYGAdditions.m in Sources */,
				C997D86E18B2EB1D00E47C20 /* CYGListView.m in Sources */,
				C928812E18A0D9D8006A4ACB /* main.m in Sources */,
				C9CC592A18ABF5F8006FA0DD /* CYGManager.m in Sources */,
				C9D3A53518A0E5CB00FD8193 /* CYGDefines.m in Sources */,
				C99A7EDA18B5DEDD00843D7B /* CYGPointTableViewCell.m in Sources */,
				C9C52D5818ADE3560089B3B1 /* UIColor+CYGAdditions.m in Sources */,
				C9A01C7E18AF7684005324CE /* CYGToolbar.m in Sources */,
			);
			runOnlyForDeploymentPostprocessing = 0;
		};
		C928813518A0D9D9006A4ACB /* Sources */ = {
			isa = PBXSourcesBuildPhase;
			buildActionMask = 2147483647;
			files = (
				C9C52D5918ADE3560089B3B1 /* UIColor+CYGAdditions.m in Sources */,
				C978711718A8A78E00B25145 /* CYGPoint.m in Sources */,
				C9CE0E2B18C06D0100CCF3FE /* CYGTokenInputField.m in Sources */,
				C997D85B18B2A6DB00E47C20 /* CYGListViewController.m in Sources */,
				C9CC592B18ABF5F8006FA0DD /* CYGManager.m in Sources */,
				C997D86718B2A82000E47C20 /* CYGTagsViewController.m in Sources */,
				C9CE0E2718BFC72300CCF3FE /* CYGTag.m in Sources */,
				C997D86B18B2EB1300E47C20 /* CYGTagsView.m in Sources */,
				C9C52D5F18ADF2630089B3B1 /* NSString+CYGAdditions.m in Sources */,
				C9A01C7F18AF7684005324CE /* CYGToolbar.m in Sources */,
				C99A7EDB18B5DEDD00843D7B /* CYGPointTableViewCell.m in Sources */,
				C997D86F18B2EB1D00E47C20 /* CYGListView.m in Sources */,
				C9D3A53618A0E5CB00FD8193 /* CYGDefines.m in Sources */,
				C9C52D5518ADA0CD0089B3B1 /* CYGPointCreationView.m in Sources */,
				C9A01C7B18AF6EBD005324CE /* CYGMapView.m in Sources */,
				C928814718A0D9D9006A4ACB /* CygnusTests.m in Sources */,
				C978711318A8A60700B25145 /* CYGUser.m in Sources */,
				C978710E18A881FC00B25145 /* CYGMainViewController.m in Sources */,
				C9CC593318AC4A16006FA0DD /* CYGPointAnnotation.m in Sources */,
				C997D86318B2A6F000E47C20 /* CYGPointCreationViewController.m in Sources */,
			);
			runOnlyForDeploymentPostprocessing = 0;
		};
/* End PBXSourcesBuildPhase section */

/* Begin PBXTargetDependency section */
		C928813F18A0D9D9006A4ACB /* PBXTargetDependency */ = {
			isa = PBXTargetDependency;
			target = C928811D18A0D9D8006A4ACB /* Cygnus */;
			targetProxy = C928813E18A0D9D9006A4ACB /* PBXContainerItemProxy */;
		};
/* End PBXTargetDependency section */

/* Begin PBXVariantGroup section */
		C928812A18A0D9D8006A4ACB /* InfoPlist.strings */ = {
			isa = PBXVariantGroup;
			children = (
				C928812B18A0D9D8006A4ACB /* en */,
			);
			name = InfoPlist.strings;
			sourceTree = "<group>";
		};
		C928814318A0D9D9006A4ACB /* InfoPlist.strings */ = {
			isa = PBXVariantGroup;
			children = (
				C928814418A0D9D9006A4ACB /* en */,
			);
			name = InfoPlist.strings;
			sourceTree = "<group>";
		};
/* End PBXVariantGroup section */

/* Begin XCBuildConfiguration section */
		C928814818A0D9D9006A4ACB /* Debug */ = {
			isa = XCBuildConfiguration;
			buildSettings = {
				ALWAYS_SEARCH_USER_PATHS = NO;
				ARCHS = "$(ARCHS_STANDARD_INCLUDING_64_BIT)";
				CLANG_CXX_LANGUAGE_STANDARD = "gnu++0x";
				CLANG_CXX_LIBRARY = "libc++";
				CLANG_ENABLE_MODULES = YES;
				CLANG_ENABLE_OBJC_ARC = YES;
				CLANG_WARN_BOOL_CONVERSION = YES;
				CLANG_WARN_CONSTANT_CONVERSION = YES;
				CLANG_WARN_DIRECT_OBJC_ISA_USAGE = YES_ERROR;
				CLANG_WARN_EMPTY_BODY = YES;
				CLANG_WARN_ENUM_CONVERSION = YES;
				CLANG_WARN_INT_CONVERSION = YES;
				CLANG_WARN_OBJC_ROOT_CLASS = YES_ERROR;
				CLANG_WARN__DUPLICATE_METHOD_MATCH = YES;
				"CODE_SIGN_IDENTITY[sdk=iphoneos*]" = "iPhone Developer";
				COPY_PHASE_STRIP = NO;
				GCC_C_LANGUAGE_STANDARD = gnu99;
				GCC_DYNAMIC_NO_PIC = NO;
				GCC_OPTIMIZATION_LEVEL = 0;
				GCC_PREPROCESSOR_DEFINITIONS = (
					"DEBUG=1",
					"$(inherited)",
				);
				GCC_SYMBOLS_PRIVATE_EXTERN = NO;
				GCC_WARN_64_TO_32_BIT_CONVERSION = YES;
				GCC_WARN_ABOUT_RETURN_TYPE = YES_ERROR;
				GCC_WARN_UNDECLARED_SELECTOR = YES;
				GCC_WARN_UNINITIALIZED_AUTOS = YES;
				GCC_WARN_UNUSED_FUNCTION = YES;
				GCC_WARN_UNUSED_VARIABLE = YES;
				IPHONEOS_DEPLOYMENT_TARGET = 7.0;
				ONLY_ACTIVE_ARCH = YES;
				SDKROOT = iphoneos;
				TARGETED_DEVICE_FAMILY = "1,2";
			};
			name = Debug;
		};
		C928814918A0D9D9006A4ACB /* Release */ = {
			isa = XCBuildConfiguration;
			buildSettings = {
				ALWAYS_SEARCH_USER_PATHS = NO;
				ARCHS = "$(ARCHS_STANDARD_INCLUDING_64_BIT)";
				CLANG_CXX_LANGUAGE_STANDARD = "gnu++0x";
				CLANG_CXX_LIBRARY = "libc++";
				CLANG_ENABLE_MODULES = YES;
				CLANG_ENABLE_OBJC_ARC = YES;
				CLANG_WARN_BOOL_CONVERSION = YES;
				CLANG_WARN_CONSTANT_CONVERSION = YES;
				CLANG_WARN_DIRECT_OBJC_ISA_USAGE = YES_ERROR;
				CLANG_WARN_EMPTY_BODY = YES;
				CLANG_WARN_ENUM_CONVERSION = YES;
				CLANG_WARN_INT_CONVERSION = YES;
				CLANG_WARN_OBJC_ROOT_CLASS = YES_ERROR;
				CLANG_WARN__DUPLICATE_METHOD_MATCH = YES;
				"CODE_SIGN_IDENTITY[sdk=iphoneos*]" = "iPhone Developer";
				COPY_PHASE_STRIP = YES;
				ENABLE_NS_ASSERTIONS = NO;
				GCC_C_LANGUAGE_STANDARD = gnu99;
				GCC_WARN_64_TO_32_BIT_CONVERSION = YES;
				GCC_WARN_ABOUT_RETURN_TYPE = YES_ERROR;
				GCC_WARN_UNDECLARED_SELECTOR = YES;
				GCC_WARN_UNINITIALIZED_AUTOS = YES;
				GCC_WARN_UNUSED_FUNCTION = YES;
				GCC_WARN_UNUSED_VARIABLE = YES;
				IPHONEOS_DEPLOYMENT_TARGET = 7.0;
				SDKROOT = iphoneos;
				TARGETED_DEVICE_FAMILY = "1,2";
				VALIDATE_PRODUCT = YES;
			};
			name = Release;
		};
		C928814B18A0D9D9006A4ACB /* Debug */ = {
			isa = XCBuildConfiguration;
			baseConfigurationReference = C5CD8164C6014A1CBC72AA11 /* Pods.xcconfig */;
			buildSettings = {
				ASSETCATALOG_COMPILER_APPICON_NAME = "AppIcon-Debug";
				ASSETCATALOG_COMPILER_LAUNCHIMAGE_NAME = LaunchImage;
				BUNDLE_ID = "${ORGANIZATION}.${PRODUCT_NAME}.dev";
				GCC_PRECOMPILE_PREFIX_HEADER = YES;
				GCC_PREFIX_HEADER = "Cygnus/Cygnus-Prefix.pch";
				INFOPLIST_FILE = "Cygnus/Cygnus-Info.plist";
				ORGANIZATION = Fototropik;
				PRODUCT_NAME = "$(TARGET_NAME)";
				WRAPPER_EXTENSION = app;
			};
			name = Debug;
		};
		C928814C18A0D9D9006A4ACB /* Release */ = {
			isa = XCBuildConfiguration;
			baseConfigurationReference = C5CD8164C6014A1CBC72AA11 /* Pods.xcconfig */;
			buildSettings = {
				ASSETCATALOG_COMPILER_APPICON_NAME = "AppIcon-Release";
				ASSETCATALOG_COMPILER_LAUNCHIMAGE_NAME = LaunchImage;
				BUNDLE_ID = "${ORGANIZATION}.${PRODUCT_NAME}";
				GCC_PRECOMPILE_PREFIX_HEADER = YES;
				GCC_PREFIX_HEADER = "Cygnus/Cygnus-Prefix.pch";
				INFOPLIST_FILE = "Cygnus/Cygnus-Info.plist";
				ORGANIZATION = Fototropik;
				PRODUCT_NAME = "$(TARGET_NAME)";
				WRAPPER_EXTENSION = app;
			};
			name = Release;
		};
		C928814E18A0D9D9006A4ACB /* Debug */ = {
			isa = XCBuildConfiguration;
			buildSettings = {
				ARCHS = "$(ARCHS_STANDARD_INCLUDING_64_BIT)";
				BUNDLE_LOADER = "$(BUILT_PRODUCTS_DIR)/Cygnus.app/Cygnus";
				FRAMEWORK_SEARCH_PATHS = (
					"$(SDKROOT)/Developer/Library/Frameworks",
					"$(inherited)",
					"$(DEVELOPER_FRAMEWORKS_DIR)",
				);
				GCC_PRECOMPILE_PREFIX_HEADER = YES;
				GCC_PREFIX_HEADER = "Cygnus/Cygnus-Prefix.pch";
				GCC_PREPROCESSOR_DEFINITIONS = (
					"DEBUG=1",
					"$(inherited)",
				);
				INFOPLIST_FILE = "CygnusTests/CygnusTests-Info.plist";
				PRODUCT_NAME = "$(TARGET_NAME)";
				TEST_HOST = "$(BUNDLE_LOADER)";
				WRAPPER_EXTENSION = xctest;
			};
			name = Debug;
		};
		C928814F18A0D9D9006A4ACB /* Release */ = {
			isa = XCBuildConfiguration;
			buildSettings = {
				ARCHS = "$(ARCHS_STANDARD_INCLUDING_64_BIT)";
				BUNDLE_LOADER = "$(BUILT_PRODUCTS_DIR)/Cygnus.app/Cygnus";
				FRAMEWORK_SEARCH_PATHS = (
					"$(SDKROOT)/Developer/Library/Frameworks",
					"$(inherited)",
					"$(DEVELOPER_FRAMEWORKS_DIR)",
				);
				GCC_PRECOMPILE_PREFIX_HEADER = YES;
				GCC_PREFIX_HEADER = "Cygnus/Cygnus-Prefix.pch";
				INFOPLIST_FILE = "CygnusTests/CygnusTests-Info.plist";
				PRODUCT_NAME = "$(TARGET_NAME)";
				TEST_HOST = "$(BUNDLE_LOADER)";
				WRAPPER_EXTENSION = xctest;
			};
			name = Release;
		};
/* End XCBuildConfiguration section */

/* Begin XCConfigurationList section */
		C928811918A0D9D8006A4ACB /* Build configuration list for PBXProject "Cygnus" */ = {
			isa = XCConfigurationList;
			buildConfigurations = (
				C928814818A0D9D9006A4ACB /* Debug */,
				C928814918A0D9D9006A4ACB /* Release */,
			);
			defaultConfigurationIsVisible = 0;
			defaultConfigurationName = Release;
		};
		C928814A18A0D9D9006A4ACB /* Build configuration list for PBXNativeTarget "Cygnus" */ = {
			isa = XCConfigurationList;
			buildConfigurations = (
				C928814B18A0D9D9006A4ACB /* Debug */,
				C928814C18A0D9D9006A4ACB /* Release */,
			);
			defaultConfigurationIsVisible = 0;
			defaultConfigurationName = Release;
		};
		C928814D18A0D9D9006A4ACB /* Build configuration list for PBXNativeTarget "CygnusTests" */ = {
			isa = XCConfigurationList;
			buildConfigurations = (
				C928814E18A0D9D9006A4ACB /* Debug */,
				C928814F18A0D9D9006A4ACB /* Release */,
			);
			defaultConfigurationIsVisible = 0;
			defaultConfigurationName = Release;
		};
/* End XCConfigurationList section */
	};
	rootObject = C928811618A0D9D8006A4ACB /* Project object */;
}
